// !$*UTF8*$!
{
	archiveVersion = 1;
	classes = {
	};
	objectVersion = 46;
	objects = {

/* Begin PBXBuildFile section */
		2824F0CA1C151A1C00B6A20D /* main.m in Sources */ = {isa = PBXBuildFile; fileRef = 2824F0C91C151A1C00B6A20D /* main.m */; };
		2824F0CD1C151A1C00B6A20D /* AppDelegate.m in Sources */ = {isa = PBXBuildFile; fileRef = 2824F0CC1C151A1C00B6A20D /* AppDelegate.m */; };
		2824F0D01C151A1C00B6A20D /* ViewController.m in Sources */ = {isa = PBXBuildFile; fileRef = 2824F0CF1C151A1C00B6A20D /* ViewController.m */; };
		2824F0D31C151A1C00B6A20D /* Main.storyboard in Resources */ = {isa = PBXBuildFile; fileRef = 2824F0D11C151A1C00B6A20D /* Main.storyboard */; };
		2824F0D61C151A1C00B6A20D /* CaulyTrackerTester.xcdatamodeld in Sources */ = {isa = PBXBuildFile; fileRef = 2824F0D41C151A1C00B6A20D /* CaulyTrackerTester.xcdatamodeld */; };
		2824F0D81C151A1C00B6A20D /* Assets.xcassets in Resources */ = {isa = PBXBuildFile; fileRef = 2824F0D71C151A1C00B6A20D /* Assets.xcassets */; };
		2824F0DB1C151A1C00B6A20D /* LaunchScreen.storyboard in Resources */ = {isa = PBXBuildFile; fileRef = 2824F0D91C151A1C00B6A20D /* LaunchScreen.storyboard */; };
		2824F0E61C151A1C00B6A20D /* CaulyTrackerTesterTests.m in Sources */ = {isa = PBXBuildFile; fileRef = 2824F0E51C151A1C00B6A20D /* CaulyTrackerTesterTests.m */; };
		2824F0F11C151A1C00B6A20D /* CaulyTrackerTesterUITests.m in Sources */ = {isa = PBXBuildFile; fileRef = 2824F0F01C151A1C00B6A20D /* CaulyTrackerTesterUITests.m */; };
		2824F10B1C157EB300B6A20D /* WebTest.storyboard in Resources */ = {isa = PBXBuildFile; fileRef = 2824F10A1C157EB300B6A20D /* WebTest.storyboard */; };
		2824F10E1C1580C400B6A20D /* WebTestViewController.m in Sources */ = {isa = PBXBuildFile; fileRef = 2824F10D1C1580C400B6A20D /* WebTestViewController.m */; };
		2824F12A1C17D41000B6A20D /* TestViewController.m in Sources */ = {isa = PBXBuildFile; fileRef = 2824F1281C17D41000B6A20D /* TestViewController.m */; };
		2824F12B1C17D41000B6A20D /* TestViewController.xib in Resources */ = {isa = PBXBuildFile; fileRef = 2824F1291C17D41000B6A20D /* TestViewController.xib */; };
		2824F12D1C17D95500B6A20D /* Foundation.framework in Frameworks */ = {isa = PBXBuildFile; fileRef = 2824F12C1C17D95500B6A20D /* Foundation.framework */; };
		28A1C5681C185490004F859D /* libCaulyTracker-universal.a in Frameworks */ = {isa = PBXBuildFile; fileRef = 28A1C5671C185490004F859D /* libCaulyTracker-universal.a */; };
		28A783541C1E606300E954BB /* AdSupport.framework in Frameworks */ = {isa = PBXBuildFile; fileRef = 2824F1081C151C1D00B6A20D /* AdSupport.framework */; };
		28A783551C1E606F00E954BB /* SystemConfiguration.framework in Frameworks */ = {isa = PBXBuildFile; fileRef = 2824F1061C151C1800B6A20D /* SystemConfiguration.framework */; };
/* End PBXBuildFile section */

/* Begin PBXContainerItemProxy section */
		2824F0E21C151A1C00B6A20D /* PBXContainerItemProxy */ = {
			isa = PBXContainerItemProxy;
			containerPortal = 2824F0BD1C151A1C00B6A20D /* Project object */;
			proxyType = 1;
			remoteGlobalIDString = 2824F0C41C151A1C00B6A20D;
			remoteInfo = CaulyTrackerTester;
		};
		2824F0ED1C151A1C00B6A20D /* PBXContainerItemProxy */ = {
			isa = PBXContainerItemProxy;
			containerPortal = 2824F0BD1C151A1C00B6A20D /* Project object */;
			proxyType = 1;
			remoteGlobalIDString = 2824F0C41C151A1C00B6A20D;
			remoteInfo = CaulyTrackerTester;
		};
/* End PBXContainerItemProxy section */

/* Begin PBXFileReference section */
		2808F3451C1AD10400F8A684 /* CaulyDefinedEvent.h */ = {isa = PBXFileReference; fileEncoding = 4; lastKnownFileType = sourcecode.c.h; path = CaulyDefinedEvent.h; sourceTree = "<group>"; };
		2808F3461C1AD10400F8A684 /* CaulyTracker.h */ = {isa = PBXFileReference; fileEncoding = 4; lastKnownFileType = sourcecode.c.h; path = CaulyTracker.h; sourceTree = "<group>"; };
		2808F3481C1AD10400F8A684 /* PurchaseEvent.h */ = {isa = PBXFileReference; fileEncoding = 4; lastKnownFileType = sourcecode.c.h; path = PurchaseEvent.h; sourceTree = "<group>"; };
		2808F3491C1AD10400F8A684 /* TrackerConst.h */ = {isa = PBXFileReference; fileEncoding = 4; lastKnownFileType = sourcecode.c.h; path = TrackerConst.h; sourceTree = "<group>"; };
		2824F0C51C151A1C00B6A20D /* CaulyTrackerTester.app */ = {isa = PBXFileReference; explicitFileType = wrapper.application; includeInIndex = 0; path = CaulyTrackerTester.app; sourceTree = BUILT_PRODUCTS_DIR; };
		2824F0C91C151A1C00B6A20D /* main.m */ = {isa = PBXFileReference; lastKnownFileType = sourcecode.c.objc; path = main.m; sourceTree = "<group>"; };
		2824F0CB1C151A1C00B6A20D /* AppDelegate.h */ = {isa = PBXFileReference; lastKnownFileType = sourcecode.c.h; path = AppDelegate.h; sourceTree = "<group>"; };
		2824F0CC1C151A1C00B6A20D /* AppDelegate.m */ = {isa = PBXFileReference; lastKnownFileType = sourcecode.c.objc; path = AppDelegate.m; sourceTree = "<group>"; };
		2824F0CE1C151A1C00B6A20D /* ViewController.h */ = {isa = PBXFileReference; lastKnownFileType = sourcecode.c.h; path = ViewController.h; sourceTree = "<group>"; };
		2824F0CF1C151A1C00B6A20D /* ViewController.m */ = {isa = PBXFileReference; lastKnownFileType = sourcecode.c.objc; path = ViewController.m; sourceTree = "<group>"; };
		2824F0D21C151A1C00B6A20D /* Base */ = {isa = PBXFileReference; lastKnownFileType = file.storyboard; name = Base; path = Base.lproj/Main.storyboard; sourceTree = "<group>"; };
		2824F0D51C151A1C00B6A20D /* CaulyTrackerTester.xcdatamodel */ = {isa = PBXFileReference; lastKnownFileType = wrapper.xcdatamodel; path = CaulyTrackerTester.xcdatamodel; sourceTree = "<group>"; };
		2824F0D71C151A1C00B6A20D /* Assets.xcassets */ = {isa = PBXFileReference; lastKnownFileType = folder.assetcatalog; path = Assets.xcassets; sourceTree = "<group>"; };
		2824F0DA1C151A1C00B6A20D /* Base */ = {isa = PBXFileReference; lastKnownFileType = file.storyboard; name = Base; path = Base.lproj/LaunchScreen.storyboard; sourceTree = "<group>"; };
		2824F0DC1C151A1C00B6A20D /* Info.plist */ = {isa = PBXFileReference; lastKnownFileType = text.plist.xml; path = Info.plist; sourceTree = "<group>"; };
		2824F0E11C151A1C00B6A20D /* CaulyTrackerTesterTests.xctest */ = {isa = PBXFileReference; explicitFileType = wrapper.cfbundle; includeInIndex = 0; path = CaulyTrackerTesterTests.xctest; sourceTree = BUILT_PRODUCTS_DIR; };
		2824F0E51C151A1C00B6A20D /* CaulyTrackerTesterTests.m */ = {isa = PBXFileReference; lastKnownFileType = sourcecode.c.objc; path = CaulyTrackerTesterTests.m; sourceTree = "<group>"; };
		2824F0E71C151A1C00B6A20D /* Info.plist */ = {isa = PBXFileReference; lastKnownFileType = text.plist.xml; path = Info.plist; sourceTree = "<group>"; };
		2824F0EC1C151A1C00B6A20D /* CaulyTrackerTesterUITests.xctest */ = {isa = PBXFileReference; explicitFileType = wrapper.cfbundle; includeInIndex = 0; path = CaulyTrackerTesterUITests.xctest; sourceTree = BUILT_PRODUCTS_DIR; };
		2824F0F01C151A1C00B6A20D /* CaulyTrackerTesterUITests.m */ = {isa = PBXFileReference; lastKnownFileType = sourcecode.c.objc; path = CaulyTrackerTesterUITests.m; sourceTree = "<group>"; };
		2824F0F21C151A1C00B6A20D /* Info.plist */ = {isa = PBXFileReference; lastKnownFileType = text.plist.xml; path = Info.plist; sourceTree = "<group>"; };
		2824F1061C151C1800B6A20D /* SystemConfiguration.framework */ = {isa = PBXFileReference; lastKnownFileType = wrapper.framework; name = SystemConfiguration.framework; path = System/Library/Frameworks/SystemConfiguration.framework; sourceTree = SDKROOT; };
		2824F1081C151C1D00B6A20D /* AdSupport.framework */ = {isa = PBXFileReference; lastKnownFileType = wrapper.framework; name = AdSupport.framework; path = System/Library/Frameworks/AdSupport.framework; sourceTree = SDKROOT; };
		2824F10A1C157EB300B6A20D /* WebTest.storyboard */ = {isa = PBXFileReference; fileEncoding = 4; lastKnownFileType = file.storyboard; path = WebTest.storyboard; sourceTree = "<group>"; };
		2824F10C1C1580C400B6A20D /* WebTestViewController.h */ = {isa = PBXFileReference; fileEncoding = 4; lastKnownFileType = sourcecode.c.h; path = WebTestViewController.h; sourceTree = "<group>"; };
		2824F10D1C1580C400B6A20D /* WebTestViewController.m */ = {isa = PBXFileReference; fileEncoding = 4; lastKnownFileType = sourcecode.c.objc; path = WebTestViewController.m; sourceTree = "<group>"; };
		2824F1271C17D41000B6A20D /* TestViewController.h */ = {isa = PBXFileReference; fileEncoding = 4; lastKnownFileType = sourcecode.c.h; path = TestViewController.h; sourceTree = "<group>"; };
		2824F1281C17D41000B6A20D /* TestViewController.m */ = {isa = PBXFileReference; fileEncoding = 4; lastKnownFileType = sourcecode.c.objc; path = TestViewController.m; sourceTree = "<group>"; };
		2824F1291C17D41000B6A20D /* TestViewController.xib */ = {isa = PBXFileReference; fileEncoding = 4; lastKnownFileType = file.xib; path = TestViewController.xib; sourceTree = "<group>"; };
		2824F12C1C17D95500B6A20D /* Foundation.framework */ = {isa = PBXFileReference; lastKnownFileType = wrapper.framework; name = Foundation.framework; path = System/Library/Frameworks/Foundation.framework; sourceTree = SDKROOT; };
		28A1C5671C185490004F859D /* libCaulyTracker-universal.a */ = {isa = PBXFileReference; lastKnownFileType = archive.ar; path = "libCaulyTracker-universal.a"; sourceTree = "<group>"; };
		28CA2D7F1CCDB85E009AB7AD /* Product.h */ = {isa = PBXFileReference; fileEncoding = 4; lastKnownFileType = sourcecode.c.h; path = Product.h; sourceTree = "<group>"; };
		28DC3DFF1CE2FF2500B368B5 /* ContentViewEvent.h */ = {isa = PBXFileReference; fileEncoding = 4; lastKnownFileType = sourcecode.c.h; path = ContentViewEvent.h; sourceTree = "<group>"; };
/* End PBXFileReference section */

/* Begin PBXFrameworksBuildPhase section */
		2824F0C21C151A1C00B6A20D /* Frameworks */ = {
			isa = PBXFrameworksBuildPhase;
			buildActionMask = 2147483647;
			files = (
				28A783551C1E606F00E954BB /* SystemConfiguration.framework in Frameworks */,
				28A783541C1E606300E954BB /* AdSupport.framework in Frameworks */,
				2824F12D1C17D95500B6A20D /* Foundation.framework in Frameworks */,
				28A1C5681C185490004F859D /* libCaulyTracker-universal.a in Frameworks */,
			);
			runOnlyForDeploymentPostprocessing = 0;
		};
		2824F0DE1C151A1C00B6A20D /* Frameworks */ = {
			isa = PBXFrameworksBuildPhase;
			buildActionMask = 2147483647;
			files = (
			);
			runOnlyForDeploymentPostprocessing = 0;
		};
		2824F0E91C151A1C00B6A20D /* Frameworks */ = {
			isa = PBXFrameworksBuildPhase;
			buildActionMask = 2147483647;
			files = (
			);
			runOnlyForDeploymentPostprocessing = 0;
		};
/* End PBXFrameworksBuildPhase section */

/* Begin PBXGroup section */
		2824F0BC1C151A1C00B6A20D = {
			isa = PBXGroup;
			children = (
				28A1C5671C185490004F859D /* libCaulyTracker-universal.a */,
				2824F12C1C17D95500B6A20D /* Foundation.framework */,
				2824F1081C151C1D00B6A20D /* AdSupport.framework */,
				2824F1061C151C1800B6A20D /* SystemConfiguration.framework */,
				2824F0FE1C151AA700B6A20D /* include */,
				2824F0C71C151A1C00B6A20D /* CaulyTrackerTester */,
				2824F0E41C151A1C00B6A20D /* CaulyTrackerTesterTests */,
				2824F0EF1C151A1C00B6A20D /* CaulyTrackerTesterUITests */,
				2824F0C61C151A1C00B6A20D /* Products */,
			);
			sourceTree = "<group>";
		};
		2824F0C61C151A1C00B6A20D /* Products */ = {
			isa = PBXGroup;
			children = (
				2824F0C51C151A1C00B6A20D /* CaulyTrackerTester.app */,
				2824F0E11C151A1C00B6A20D /* CaulyTrackerTesterTests.xctest */,
				2824F0EC1C151A1C00B6A20D /* CaulyTrackerTesterUITests.xctest */,
			);
			name = Products;
			sourceTree = "<group>";
		};
		2824F0C71C151A1C00B6A20D /* CaulyTrackerTester */ = {
			isa = PBXGroup;
			children = (
				2824F0CB1C151A1C00B6A20D /* AppDelegate.h */,
				2824F0CC1C151A1C00B6A20D /* AppDelegate.m */,
				2824F0CE1C151A1C00B6A20D /* ViewController.h */,
				2824F0CF1C151A1C00B6A20D /* ViewController.m */,
				2824F0D11C151A1C00B6A20D /* Main.storyboard */,
				2824F0D71C151A1C00B6A20D /* Assets.xcassets */,
				2824F0D91C151A1C00B6A20D /* LaunchScreen.storyboard */,
				2824F0DC1C151A1C00B6A20D /* Info.plist */,
				2824F0D41C151A1C00B6A20D /* CaulyTrackerTester.xcdatamodeld */,
				2824F0C81C151A1C00B6A20D /* Supporting Files */,
				2824F10C1C1580C400B6A20D /* WebTestViewController.h */,
				2824F10D1C1580C400B6A20D /* WebTestViewController.m */,
				2824F10A1C157EB300B6A20D /* WebTest.storyboard */,
				2824F1271C17D41000B6A20D /* TestViewController.h */,
				2824F1281C17D41000B6A20D /* TestViewController.m */,
				2824F1291C17D41000B6A20D /* TestViewController.xib */,
			);
			path = CaulyTrackerTester;
			sourceTree = "<group>";
		};
		2824F0C81C151A1C00B6A20D /* Supporting Files */ = {
			isa = PBXGroup;
			children = (
				2824F0C91C151A1C00B6A20D /* main.m */,
			);
			name = "Supporting Files";
			sourceTree = "<group>";
		};
		2824F0E41C151A1C00B6A20D /* CaulyTrackerTesterTests */ = {
			isa = PBXGroup;
			children = (
				2824F0E51C151A1C00B6A20D /* CaulyTrackerTesterTests.m */,
				2824F0E71C151A1C00B6A20D /* Info.plist */,
			);
			path = CaulyTrackerTesterTests;
			sourceTree = "<group>";
		};
		2824F0EF1C151A1C00B6A20D /* CaulyTrackerTesterUITests */ = {
			isa = PBXGroup;
			children = (
				2824F0F01C151A1C00B6A20D /* CaulyTrackerTesterUITests.m */,
				2824F0F21C151A1C00B6A20D /* Info.plist */,
			);
			path = CaulyTrackerTesterUITests;
			sourceTree = "<group>";
		};
		2824F0FE1C151AA700B6A20D /* include */ = {
			isa = PBXGroup;
			children = (
				28DC3DFF1CE2FF2500B368B5 /* ContentViewEvent.h */,
				28CA2D7F1CCDB85E009AB7AD /* Product.h */,
				2808F3451C1AD10400F8A684 /* CaulyDefinedEvent.h */,
				2808F3461C1AD10400F8A684 /* CaulyTracker.h */,
				2808F3481C1AD10400F8A684 /* PurchaseEvent.h */,
				2808F3491C1AD10400F8A684 /* TrackerConst.h */,
			);
			path = include;
			sourceTree = "<group>";
		};
/* End PBXGroup section */

/* Begin PBXNativeTarget section */
		2824F0C41C151A1C00B6A20D /* CaulyTrackerTester */ = {
			isa = PBXNativeTarget;
			buildConfigurationList = 2824F0F51C151A1C00B6A20D /* Build configuration list for PBXNativeTarget "CaulyTrackerTester" */;
			buildPhases = (
				2824F0C11C151A1C00B6A20D /* Sources */,
				2824F0C21C151A1C00B6A20D /* Frameworks */,
				2824F0C31C151A1C00B6A20D /* Resources */,
			);
			buildRules = (
			);
			dependencies = (
			);
			name = CaulyTrackerTester;
			productName = CaulyTrackerTester;
			productReference = 2824F0C51C151A1C00B6A20D /* CaulyTrackerTester.app */;
			productType = "com.apple.product-type.application";
		};
		2824F0E01C151A1C00B6A20D /* CaulyTrackerTesterTests */ = {
			isa = PBXNativeTarget;
			buildConfigurationList = 2824F0F81C151A1C00B6A20D /* Build configuration list for PBXNativeTarget "CaulyTrackerTesterTests" */;
			buildPhases = (
				2824F0DD1C151A1C00B6A20D /* Sources */,
				2824F0DE1C151A1C00B6A20D /* Frameworks */,
				2824F0DF1C151A1C00B6A20D /* Resources */,
			);
			buildRules = (
			);
			dependencies = (
				2824F0E31C151A1C00B6A20D /* PBXTargetDependency */,
			);
			name = CaulyTrackerTesterTests;
			productName = CaulyTrackerTesterTests;
			productReference = 2824F0E11C151A1C00B6A20D /* CaulyTrackerTesterTests.xctest */;
			productType = "com.apple.product-type.bundle.unit-test";
		};
		2824F0EB1C151A1C00B6A20D /* CaulyTrackerTesterUITests */ = {
			isa = PBXNativeTarget;
			buildConfigurationList = 2824F0FB1C151A1C00B6A20D /* Build configuration list for PBXNativeTarget "CaulyTrackerTesterUITests" */;
			buildPhases = (
				2824F0E81C151A1C00B6A20D /* Sources */,
				2824F0E91C151A1C00B6A20D /* Frameworks */,
				2824F0EA1C151A1C00B6A20D /* Resources */,
			);
			buildRules = (
			);
			dependencies = (
				2824F0EE1C151A1C00B6A20D /* PBXTargetDependency */,
			);
			name = CaulyTrackerTesterUITests;
			productName = CaulyTrackerTesterUITests;
			productReference = 2824F0EC1C151A1C00B6A20D /* CaulyTrackerTesterUITests.xctest */;
			productType = "com.apple.product-type.bundle.ui-testing";
		};
/* End PBXNativeTarget section */

/* Begin PBXProject section */
		2824F0BD1C151A1C00B6A20D /* Project object */ = {
			isa = PBXProject;
			attributes = {
				LastUpgradeCheck = 0710;
				ORGANIZATIONNAME = Cauly;
				TargetAttributes = {
					2824F0C41C151A1C00B6A20D = {
						CreatedOnToolsVersion = 7.1.1;
						DevelopmentTeam = 55644VM79V;
					};
					2824F0E01C151A1C00B6A20D = {
						CreatedOnToolsVersion = 7.1.1;
						TestTargetID = 2824F0C41C151A1C00B6A20D;
					};
					2824F0EB1C151A1C00B6A20D = {
						CreatedOnToolsVersion = 7.1.1;
						TestTargetID = 2824F0C41C151A1C00B6A20D;
					};
				};
			};
			buildConfigurationList = 2824F0C01C151A1C00B6A20D /* Build configuration list for PBXProject "CaulyTrackerTester" */;
			compatibilityVersion = "Xcode 3.2";
			developmentRegion = English;
			hasScannedForEncodings = 0;
			knownRegions = (
				en,
				Base,
			);
			mainGroup = 2824F0BC1C151A1C00B6A20D;
			productRefGroup = 2824F0C61C151A1C00B6A20D /* Products */;
			projectDirPath = "";
			projectRoot = "";
			targets = (
				2824F0C41C151A1C00B6A20D /* CaulyTrackerTester */,
				2824F0E01C151A1C00B6A20D /* CaulyTrackerTesterTests */,
				2824F0EB1C151A1C00B6A20D /* CaulyTrackerTesterUITests */,
			);
		};
/* End PBXProject section */

/* Begin PBXResourcesBuildPhase section */
		2824F0C31C151A1C00B6A20D /* Resources */ = {
			isa = PBXResourcesBuildPhase;
			buildActionMask = 2147483647;
			files = (
				2824F0DB1C151A1C00B6A20D /* LaunchScreen.storyboard in Resources */,
				2824F12B1C17D41000B6A20D /* TestViewController.xib in Resources */,
				2824F0D81C151A1C00B6A20D /* Assets.xcassets in Resources */,
				2824F0D31C151A1C00B6A20D /* Main.storyboard in Resources */,
				2824F10B1C157EB300B6A20D /* WebTest.storyboard in Resources */,
			);
			runOnlyForDeploymentPostprocessing = 0;
		};
		2824F0DF1C151A1C00B6A20D /* Resources */ = {
			isa = PBXResourcesBuildPhase;
			buildActionMask = 2147483647;
			files = (
			);
			runOnlyForDeploymentPostprocessing = 0;
		};
		2824F0EA1C151A1C00B6A20D /* Resources */ = {
			isa = PBXResourcesBuildPhase;
			buildActionMask = 2147483647;
			files = (
			);
			runOnlyForDeploymentPostprocessing = 0;
		};
/* End PBXResourcesBuildPhase section */

/* Begin PBXSourcesBuildPhase section */
		2824F0C11C151A1C00B6A20D /* Sources */ = {
			isa = PBXSourcesBuildPhase;
			buildActionMask = 2147483647;
			files = (
				2824F12A1C17D41000B6A20D /* TestViewController.m in Sources */,
				2824F0D61C151A1C00B6A20D /* CaulyTrackerTester.xcdatamodeld in Sources */,
				2824F0D01C151A1C00B6A20D /* ViewController.m in Sources */,
				2824F0CD1C151A1C00B6A20D /* AppDelegate.m in Sources */,
				2824F10E1C1580C400B6A20D /* WebTestViewController.m in Sources */,
				2824F0CA1C151A1C00B6A20D /* main.m in Sources */,
			);
			runOnlyForDeploymentPostprocessing = 0;
		};
		2824F0DD1C151A1C00B6A20D /* Sources */ = {
			isa = PBXSourcesBuildPhase;
			buildActionMask = 2147483647;
			files = (
				2824F0E61C151A1C00B6A20D /* CaulyTrackerTesterTests.m in Sources */,
			);
			runOnlyForDeploymentPostprocessing = 0;
		};
		2824F0E81C151A1C00B6A20D /* Sources */ = {
			isa = PBXSourcesBuildPhase;
			buildActionMask = 2147483647;
			files = (
				2824F0F11C151A1C00B6A20D /* CaulyTrackerTesterUITests.m in Sources */,
			);
			runOnlyForDeploymentPostprocessing = 0;
		};
/* End PBXSourcesBuildPhase section */

/* Begin PBXTargetDependency section */
		2824F0E31C151A1C00B6A20D /* PBXTargetDependency */ = {
			isa = PBXTargetDependency;
			target = 2824F0C41C151A1C00B6A20D /* CaulyTrackerTester */;
			targetProxy = 2824F0E21C151A1C00B6A20D /* PBXContainerItemProxy */;
		};
		2824F0EE1C151A1C00B6A20D /* PBXTargetDependency */ = {
			isa = PBXTargetDependency;
			target = 2824F0C41C151A1C00B6A20D /* CaulyTrackerTester */;
			targetProxy = 2824F0ED1C151A1C00B6A20D /* PBXContainerItemProxy */;
		};
/* End PBXTargetDependency section */

/* Begin PBXVariantGroup section */
		2824F0D11C151A1C00B6A20D /* Main.storyboard */ = {
			isa = PBXVariantGroup;
			children = (
				2824F0D21C151A1C00B6A20D /* Base */,
			);
			name = Main.storyboard;
			sourceTree = "<group>";
		};
		2824F0D91C151A1C00B6A20D /* LaunchScreen.storyboard */ = {
			isa = PBXVariantGroup;
			children = (
				2824F0DA1C151A1C00B6A20D /* Base */,
			);
			name = LaunchScreen.storyboard;
			sourceTree = "<group>";
		};
/* End PBXVariantGroup section */

/* Begin XCBuildConfiguration section */
		2824F0F31C151A1C00B6A20D /* Debug */ = {
			isa = XCBuildConfiguration;
			buildSettings = {
				ALWAYS_SEARCH_USER_PATHS = NO;
				CLANG_CXX_LANGUAGE_STANDARD = "gnu++0x";
				CLANG_CXX_LIBRARY = "libc++";
				CLANG_ENABLE_MODULES = YES;
				CLANG_ENABLE_OBJC_ARC = YES;
				CLANG_WARN_BOOL_CONVERSION = YES;
				CLANG_WARN_CONSTANT_CONVERSION = YES;
				CLANG_WARN_DIRECT_OBJC_ISA_USAGE = YES_ERROR;
				CLANG_WARN_EMPTY_BODY = YES;
				CLANG_WARN_ENUM_CONVERSION = YES;
				CLANG_WARN_INT_CONVERSION = YES;
				CLANG_WARN_OBJC_ROOT_CLASS = YES_ERROR;
				CLANG_WARN_UNREACHABLE_CODE = YES;
				CLANG_WARN__DUPLICATE_METHOD_MATCH = YES;
				"CODE_SIGN_IDENTITY[sdk=iphoneos*]" = "iPhone Developer";
				COPY_PHASE_STRIP = NO;
				DEBUG_INFORMATION_FORMAT = dwarf;
				ENABLE_STRICT_OBJC_MSGSEND = YES;
				ENABLE_TESTABILITY = YES;
				GCC_C_LANGUAGE_STANDARD = gnu99;
				GCC_DYNAMIC_NO_PIC = NO;
				GCC_NO_COMMON_BLOCKS = YES;
				GCC_OPTIMIZATION_LEVEL = 0;
				GCC_PREPROCESSOR_DEFINITIONS = (
					"DEBUG=1",
					"$(inherited)",
				);
				GCC_WARN_64_TO_32_BIT_CONVERSION = YES;
				GCC_WARN_ABOUT_RETURN_TYPE = YES_ERROR;
				GCC_WARN_UNDECLARED_SELECTOR = YES;
				GCC_WARN_UNINITIALIZED_AUTOS = YES_AGGRESSIVE;
				GCC_WARN_UNUSED_FUNCTION = YES;
				GCC_WARN_UNUSED_VARIABLE = YES;
				IPHONEOS_DEPLOYMENT_TARGET = 7.1;
				MTL_ENABLE_DEBUG_INFO = YES;
				ONLY_ACTIVE_ARCH = YES;
				SDKROOT = iphoneos;
				TARGETED_DEVICE_FAMILY = "1,2";
			};
			name = Debug;
		};
		2824F0F41C151A1C00B6A20D /* Release */ = {
			isa = XCBuildConfiguration;
			buildSettings = {
				ALWAYS_SEARCH_USER_PATHS = NO;
				CLANG_CXX_LANGUAGE_STANDARD = "gnu++0x";
				CLANG_CXX_LIBRARY = "libc++";
				CLANG_ENABLE_MODULES = YES;
				CLANG_ENABLE_OBJC_ARC = YES;
				CLANG_WARN_BOOL_CONVERSION = YES;
				CLANG_WARN_CONSTANT_CONVERSION = YES;
				CLANG_WARN_DIRECT_OBJC_ISA_USAGE = YES_ERROR;
				CLANG_WARN_EMPTY_BODY = YES;
				CLANG_WARN_ENUM_CONVERSION = YES;
				CLANG_WARN_INT_CONVERSION = YES;
				CLANG_WARN_OBJC_ROOT_CLASS = YES_ERROR;
				CLANG_WARN_UNREACHABLE_CODE = YES;
				CLANG_WARN__DUPLICATE_METHOD_MATCH = YES;
				"CODE_SIGN_IDENTITY[sdk=iphoneos*]" = "iPhone Developer";
				COPY_PHASE_STRIP = NO;
				DEBUG_INFORMATION_FORMAT = "dwarf-with-dsym";
				ENABLE_NS_ASSERTIONS = NO;
				ENABLE_STRICT_OBJC_MSGSEND = YES;
				GCC_C_LANGUAGE_STANDARD = gnu99;
				GCC_NO_COMMON_BLOCKS = YES;
				GCC_WARN_64_TO_32_BIT_CONVERSION = YES;
				GCC_WARN_ABOUT_RETURN_TYPE = YES_ERROR;
				GCC_WARN_UNDECLARED_SELECTOR = YES;
				GCC_WARN_UNINITIALIZED_AUTOS = YES_AGGRESSIVE;
				GCC_WARN_UNUSED_FUNCTION = YES;
				GCC_WARN_UNUSED_VARIABLE = YES;
				IPHONEOS_DEPLOYMENT_TARGET = 7.1;
				MTL_ENABLE_DEBUG_INFO = NO;
				SDKROOT = iphoneos;
				TARGETED_DEVICE_FAMILY = "1,2";
				VALIDATE_PRODUCT = YES;
			};
			name = Release;
		};
		2824F0F61C151A1C00B6A20D /* Debug */ = {
			isa = XCBuildConfiguration;
			buildSettings = {
				ASSETCATALOG_COMPILER_APPICON_NAME = AppIcon;
				CODE_SIGN_IDENTITY = "iPhone Developer";
				ENABLE_BITCODE = YES;
				INFOPLIST_FILE = CaulyTrackerTester/Info.plist;
				LD_RUNPATH_SEARCH_PATHS = "$(inherited) @executable_path/Frameworks";
				LIBRARY_SEARCH_PATHS = (
					"$(inherited)",
					"$(PROJECT_DIR)",
				);
				OTHER_LDFLAGS = "";
				OTHER_LIBTOOLFLAGS = "";
				PRODUCT_BUNDLE_IDENTIFIER = com.fsn.cauly.CaulyTrackerTester;
				PRODUCT_NAME = "$(TARGET_NAME)";
			};
			name = Debug;
		};
		2824F0F71C151A1C00B6A20D /* Release */ = {
			isa = XCBuildConfiguration;
			buildSettings = {
				ASSETCATALOG_COMPILER_APPICON_NAME = AppIcon;
				CODE_SIGN_IDENTITY = "iPhone Developer";
				ENABLE_BITCODE = YES;
				INFOPLIST_FILE = CaulyTrackerTester/Info.plist;
				LD_RUNPATH_SEARCH_PATHS = "$(inherited) @executable_path/Frameworks";
				LIBRARY_SEARCH_PATHS = (
					"$(inherited)",
					"$(PROJECT_DIR)",
				);
				OTHER_LDFLAGS = "";
				OTHER_LIBTOOLFLAGS = "";
				PRODUCT_BUNDLE_IDENTIFIER = com.fsn.cauly.CaulyTrackerTester;
				PRODUCT_NAME = "$(TARGET_NAME)";
			};
			name = Release;
		};
		2824F0F91C151A1C00B6A20D /* Debug */ = {
			isa = XCBuildConfiguration;
			buildSettings = {
				BUNDLE_LOADER = "$(TEST_HOST)";
				INFOPLIST_FILE = CaulyTrackerTesterTests/Info.plist;
				LD_RUNPATH_SEARCH_PATHS = "$(inherited) @executable_path/Frameworks @loader_path/Frameworks";
				PRODUCT_BUNDLE_IDENTIFIER = com.fsn.cauly.CaulyTrackerTesterTests;
				PRODUCT_NAME = "$(TARGET_NAME)";
				TEST_HOST = "$(BUILT_PRODUCTS_DIR)/CaulyTrackerTester.app/CaulyTrackerTester";
			};
			name = Debug;
		};
		2824F0FA1C151A1C00B6A20D /* Release */ = {
			isa = XCBuildConfiguration;
			buildSettings = {
				BUNDLE_LOADER = "$(TEST_HOST)";
				INFOPLIST_FILE = CaulyTrackerTesterTests/Info.plist;
				LD_RUNPATH_SEARCH_PATHS = "$(inherited) @executable_path/Frameworks @loader_path/Frameworks";
				PRODUCT_BUNDLE_IDENTIFIER = com.fsn.cauly.CaulyTrackerTesterTests;
				PRODUCT_NAME = "$(TARGET_NAME)";
				TEST_HOST = "$(BUILT_PRODUCTS_DIR)/CaulyTrackerTester.app/CaulyTrackerTester";
			};
			name = Release;
		};
		2824F0FC1C151A1C00B6A20D /* Debug */ = {
			isa = XCBuildConfiguration;
			buildSettings = {
				INFOPLIST_FILE = CaulyTrackerTesterUITests/Info.plist;
				LD_RUNPATH_SEARCH_PATHS = "$(inherited) @executable_path/Frameworks @loader_path/Frameworks";
				PRODUCT_BUNDLE_IDENTIFIER = com.fsn.cauly.CaulyTrackerTesterUITests;
				PRODUCT_NAME = "$(TARGET_NAME)";
				TEST_TARGET_NAME = CaulyTrackerTester;
				USES_XCTRUNNER = YES;
			};
			name = Debug;
		};
		2824F0FD1C151A1C00B6A20D /* Release */ = {
			isa = XCBuildConfiguration;
			buildSettings = {
				INFOPLIST_FILE = CaulyTrackerTesterUITests/Info.plist;
				LD_RUNPATH_SEARCH_PATHS = "$(inherited) @executable_path/Frameworks @loader_path/Frameworks";
				PRODUCT_BUNDLE_IDENTIFIER = com.fsn.cauly.CaulyTrackerTesterUITests;
				PRODUCT_NAME = "$(TARGET_NAME)";
				TEST_TARGET_NAME = CaulyTrackerTester;
				USES_XCTRUNNER = YES;
			};
			name = Release;
		};
/* End XCBuildConfiguration section */

/* Begin XCConfigurationList section */
		2824F0C01C151A1C00B6A20D /* Build configuration list for PBXProject "CaulyTrackerTester" */ = {
			isa = XCConfigurationList;
			buildConfigurations = (
				2824F0F31C151A1C00B6A20D /* Debug */,
				2824F0F41C151A1C00B6A20D /* Release */,
			);
			defaultConfigurationIsVisible = 0;
			defaultConfigurationName = Release;
		};
		2824F0F51C151A1C00B6A20D /* Build configuration list for PBXNativeTarget "CaulyTrackerTester" */ = {
			isa = XCConfigurationList;
			buildConfigurations = (
				2824F0F61C151A1C00B6A20D /* Debug */,
				2824F0F71C151A1C00B6A20D /* Release */,
			);
			defaultConfigurationIsVisible = 0;
			defaultConfigurationName = Release;
		};
		2824F0F81C151A1C00B6A20D /* Build configuration list for PBXNativeTarget "CaulyTrackerTesterTests" */ = {
			isa = XCConfigurationList;
			buildConfigurations = (
				2824F0F91C151A1C00B6A20D /* Debug */,
				2824F0FA1C151A1C00B6A20D /* Release */,
			);
			defaultConfigurationIsVisible = 0;
			defaultConfigurationName = Release;
		};
		2824F0FB1C151A1C00B6A20D /* Build configuration list for PBXNativeTarget "CaulyTrackerTesterUITests" */ = {
			isa = XCConfigurationList;
			buildConfigurations = (
				2824F0FC1C151A1C00B6A20D /* Debug */,
				2824F0FD1C151A1C00B6A20D /* Release */,
			);
			defaultConfigurationIsVisible = 0;
			defaultConfigurationName = Release;
		};
/* End XCConfigurationList section */

/* Begin XCVersionGroup section */
		2824F0D41C151A1C00B6A20D /* CaulyTrackerTester.xcdatamodeld */ = {
			isa = XCVersionGroup;
			children = (
				2824F0D51C151A1C00B6A20D /* CaulyTrackerTester.xcdatamodel */,
			);
			currentVersion = 2824F0D51C151A1C00B6A20D /* CaulyTrackerTester.xcdatamodel */;
			path = CaulyTrackerTester.xcdatamodeld;
			sourceTree = "<group>";
			versionGroupType = wrapper.xcdatamodel;
		};
/* End XCVersionGroup section */
	};
	rootObject = 2824F0BD1C151A1C00B6A20D /* Project object */;
}
